{
    "_readme": [
        "This file locks the dependencies of your project to a known state",
        "Read more about it at https://getcomposer.org/doc/01-basic-usage.md#installing-dependencies",
        "This file is @generated automatically"
    ],
    "content-hash": "b76120afaabbfdd9cf18efae5424e94c",
    "packages": [
        {
            "name": "alexander-a2/symfony-datasheet-bundle",
            "version": "dev-main",
            "dist": {
                "type": "path",
                "url": "../symfony-datasheet-bundle",
                "reference": "f9053083d3cdc07f0432ed05e4109d73e6ea2851"
            },
            "type": "library",
            "autoload": {
                "psr-4": {
                    "AlexanderA2\\SymfonyDatasheetBundle\\": "src/"
                }
            },
            "authors": [
                {
                    "name": "Alexander A2"
                }
            ],
            "description": "Symfony Datasheet Bundle",
            "transport-options": {
                "relative": true
            }
        },
        {
            "name": "knplabs/knp-menu",
            "version": "dev-master",
            "source": {
                "type": "git",
                "url": "https://github.com/KnpLabs/KnpMenu.git",
                "reference": "3d5baa2856aefc14a0ec126161df84233349f63e"
            },
            "dist": {
                "type": "zip",
                "url": "https://api.github.com/repos/KnpLabs/KnpMenu/zipball/3d5baa2856aefc14a0ec126161df84233349f63e",
                "reference": "3d5baa2856aefc14a0ec126161df84233349f63e",
                "shasum": ""
            },
            "require": {
                "php": "^8.0"
            },
            "conflict": {
                "twig/twig": "<1.42.3 || >=2,<2.9"
            },
            "require-dev": {
                "phpstan/phpstan": "^1.10",
                "phpunit/phpunit": "^9.6",
                "psr/container": "^1.0 || ^2.0",
                "symfony/http-foundation": "^5.4 || ^6.0 || ^7.0",
                "symfony/phpunit-bridge": "^6.3",
                "symfony/routing": "^5.4 || ^6.0 || ^7.0",
                "twig/twig": "^2.9 || ^3.0"
            },
            "suggest": {
                "twig/twig": "for the TwigRenderer and the integration with your templates"
            },
            "default-branch": true,
            "type": "library",
            "extra": {
                "branch-alias": {
                    "dev-master": "3.x-dev"
                }
            },
            "autoload": {
                "psr-4": {
                    "Knp\\Menu\\": "src/Knp/Menu"
                }
            },
            "notification-url": "https://packagist.org/downloads/",
            "license": [
                "MIT"
            ],
            "authors": [
                {
                    "name": "KnpLabs",
                    "homepage": "https://knplabs.com"
                },
                {
                    "name": "Christophe Coevoet",
                    "email": "stof@notk.org"
                },
                {
                    "name": "The Community",
                    "homepage": "https://github.com/KnpLabs/KnpMenu/contributors"
                }
            ],
            "description": "An object oriented menu library",
            "homepage": "https://knplabs.com",
            "keywords": [
                "menu",
                "tree"
            ],
            "support": {
                "issues": "https://github.com/KnpLabs/KnpMenu/issues",
                "source": "https://github.com/KnpLabs/KnpMenu/tree/master"
            },
            "time": "2023-10-18T18:33:02+00:00"
        }
    ],
    "packages-dev": [],
    "aliases": [],
    "minimum-stability": "dev",
    "stability-flags": {
        "alexander-a2/symfony-datasheet-bundle": 20
    },
    "prefer-stable": false,
    "prefer-lowest": false,
    "platform": [],
    "platform-dev": [],
    "plugin-api-version": "2.6.0"
}
